
Microsoft Visual Studio Solution File, Format Version 12.00
# Visual Studio 14
VisualStudioVersion = 14.0.24720.0
MinimumVisualStudioVersion = 10.0.40219.1
Project("{FAE04EC0-301F-11D3-BF4B-00C04F79EFBC}") = "MergesortTesting", "MergesortTesting\MergesortTesting.csproj", "{868227A0-72A2-4332-8516-EA338B6AEFE5}"
EndProject
Project("{FAE04EC0-301F-11D3-BF4B-00C04F79EFBC}") = "MergesortBySarokoIV", "MergesortBySarokoIV\MergesortBySarokoIV.csproj", "{314CFCB0-8725-44E1-839C-983C617C0D50}"
EndProject
Global
	GlobalSection(SolutionConfigurationPlatforms) = preSolution
		Debug|Any CPU = Debug|Any CPU
		Release|Any CPU = Release|Any CPU
	EndGlobalSection
	GlobalSection(ProjectConfigurationPlatforms) = postSolution
		{868227A0-72A2-4332-8516-EA338B6AEFE5}.Debug|Any CPU.ActiveCfg = Debug|Any CPU
		{868227A0-72A2-4332-8516-EA338B6AEFE5}.Debug|Any CPU.Build.0 = Debug|Any CPU
		{868227A0-72A2-4332-8516-EA338B6AEFE5}.Release|Any CPU.ActiveCfg = Release|Any CPU
		{868227A0-72A2-4332-8516-EA338B6AEFE5}.Release|Any CPU.Build.0 = Release|Any CPU
		{314CFCB0-8725-44E1-839C-983C617C0D50}.Debug|Any CPU.ActiveCfg = Debug|Any CPU
		{314CFCB0-8725-44E1-839C-983C617C0D50}.Debug|Any CPU.Build.0 = Debug|Any CPU
		{314CFCB0-8725-44E1-839C-983C617C0D50}.Release|Any CPU.ActiveCfg = Release|Any CPU
		{314CFCB0-8725-44E1-839C-983C617C0D50}.Release|Any CPU.Build.0 = Release|Any CPU
	EndGlobalSection
	GlobalSection(SolutionProperties) = preSolution
		HideSolutionNode = FALSE
	EndGlobalSection
EndGlobal
